
Microsoft Visual Studio Solution File, Format Version 12.00
# Visual Studio 2013
VisualStudioVersion = 12.0.21005.1
MinimumVisualStudioVersion = 10.0.40219.1
Project("{2150E333-8FDC-42A3-9474-1A3956D46DE8}") = "Lib", "Lib", "{FB57EE76-58D1-4938-819B-1FA31A055A2F}"
EndProject
Project("{FAE04EC0-301F-11D3-BF4B-00C04F79EFBC}") = "Lib", "Lib\Lib.csproj", "{DCE42AA6-898F-41D9-9573-BE605519086E}"
EndProject
Project("{FAE04EC0-301F-11D3-BF4B-00C04F79EFBC}") = "Lib.Json", "Lib.Json\Lib.Json.csproj", "{E143F4BF-EB55-41E6-BFA5-6317D686EAC1}"
EndProject
Project("{FAE04EC0-301F-11D3-BF4B-00C04F79EFBC}") = "Lib.Server", "Lib.Server\Lib.Server.csproj", "{9FED24DF-F752-4551-A202-861188C9F6E4}"
EndProject
Project("{FAE04EC0-301F-11D3-BF4B-00C04F79EFBC}") = "Lib.Socket", "Lib.Socket\Lib.Socket.csproj", "{B0891E51-DEAB-4232-AB7E-8AD82E4B7E55}"
EndProject
Project("{FAE04EC0-301F-11D3-BF4B-00C04F79EFBC}") = "Lib.Timer", "Lib.Timer\Lib.Timer.csproj", "{66A4AA70-646C-4179-8CAF-C0BF5E1A4697}"
EndProject
Project("{FAE04EC0-301F-11D3-BF4B-00C04F79EFBC}") = "Lib.UI", "Lib.UI\Lib.UI.csproj", "{7FEAC96C-B8E7-4395-B5D7-5AD9F4C2A3F7}"
EndProject
Project("{2150E333-8FDC-42A3-9474-1A3956D46DE8}") = "Test", "Test", "{6DE3CD4E-6F8F-424B-A6F6-4DCD584AB9A6}"
EndProject
Project("{FAE04EC0-301F-11D3-BF4B-00C04F79EFBC}") = "Test.Lib", "Test.Lib\Test.Lib.csproj", "{272BC670-FE9E-40B0-8303-6D9E28A0B474}"
EndProject
Project("{FAE04EC0-301F-11D3-BF4B-00C04F79EFBC}") = "Test.Lib.Socket", "Test.Lib.Socket\Test.Lib.Socket.csproj", "{35E5465E-7A37-4BE1-962C-0F2C13DD847C}"
EndProject
Project("{FAE04EC0-301F-11D3-BF4B-00C04F79EFBC}") = "Test.Lib.Timer", "Test.Lib.Timer\Test.Lib.Timer.csproj", "{F1DCB958-EDCD-4257-BE62-4EBBD9AB9461}"
EndProject
Project("{FAE04EC0-301F-11D3-BF4B-00C04F79EFBC}") = "Test.Lib.UI", "Test.Lib.UI\Test.Lib.UI.csproj", "{60FE8A49-3E85-482D-BA7F-160AD45D8196}"
EndProject
Project("{FAE04EC0-301F-11D3-BF4B-00C04F79EFBC}") = "Test.Lib.Json", "Test.Lib.Json\Test.Lib.Json.csproj", "{4ADAB4BE-11D5-4553-A903-D43988AF4080}"
EndProject
Project("{2150E333-8FDC-42A3-9474-1A3956D46DE8}") = "Communication", "Communication", "{D2CE39ED-0570-4F6B-998D-60A29A2411D5}"
EndProject
Project("{2150E333-8FDC-42A3-9474-1A3956D46DE8}") = "Communication", "Communication", "{C0C201BB-CD86-4B4A-9783-4E8FE1FCE3A7}"
EndProject
Project("{FAE04EC0-301F-11D3-BF4B-00C04F79EFBC}") = "Lib.Client", "Lib.Client\Lib.Client.csproj", "{D1CED9E7-10BB-47BE-B35D-3F8CE00D9AFA}"
EndProject
Project("{FAE04EC0-301F-11D3-BF4B-00C04F79EFBC}") = "Lib.Drawing", "Lib.Drawing\Lib.Drawing.csproj", "{B716F196-2A37-4032-9B5B-3AE7B9FE0A39}"
EndProject
Global
	GlobalSection(SolutionConfigurationPlatforms) = preSolution
		Debug|Any CPU = Debug|Any CPU
		Release|Any CPU = Release|Any CPU
	EndGlobalSection
	GlobalSection(ProjectConfigurationPlatforms) = postSolution
		{DCE42AA6-898F-41D9-9573-BE605519086E}.Debug|Any CPU.ActiveCfg = Debug|Any CPU
		{DCE42AA6-898F-41D9-9573-BE605519086E}.Debug|Any CPU.Build.0 = Debug|Any CPU
		{DCE42AA6-898F-41D9-9573-BE605519086E}.Release|Any CPU.ActiveCfg = Release|Any CPU
		{DCE42AA6-898F-41D9-9573-BE605519086E}.Release|Any CPU.Build.0 = Release|Any CPU
		{E143F4BF-EB55-41E6-BFA5-6317D686EAC1}.Debug|Any CPU.ActiveCfg = Debug|Any CPU
		{E143F4BF-EB55-41E6-BFA5-6317D686EAC1}.Debug|Any CPU.Build.0 = Debug|Any CPU
		{E143F4BF-EB55-41E6-BFA5-6317D686EAC1}.Release|Any CPU.ActiveCfg = Release|Any CPU
		{E143F4BF-EB55-41E6-BFA5-6317D686EAC1}.Release|Any CPU.Build.0 = Release|Any CPU
		{9FED24DF-F752-4551-A202-861188C9F6E4}.Debug|Any CPU.ActiveCfg = Debug|Any CPU
		{9FED24DF-F752-4551-A202-861188C9F6E4}.Debug|Any CPU.Build.0 = Debug|Any CPU
		{9FED24DF-F752-4551-A202-861188C9F6E4}.Release|Any CPU.ActiveCfg = Release|Any CPU
		{9FED24DF-F752-4551-A202-861188C9F6E4}.Release|Any CPU.Build.0 = Release|Any CPU
		{B0891E51-DEAB-4232-AB7E-8AD82E4B7E55}.Debug|Any CPU.ActiveCfg = Debug|Any CPU
		{B0891E51-DEAB-4232-AB7E-8AD82E4B7E55}.Debug|Any CPU.Build.0 = Debug|Any CPU
		{B0891E51-DEAB-4232-AB7E-8AD82E4B7E55}.Release|Any CPU.ActiveCfg = Release|Any CPU
		{B0891E51-DEAB-4232-AB7E-8AD82E4B7E55}.Release|Any CPU.Build.0 = Release|Any CPU
		{66A4AA70-646C-4179-8CAF-C0BF5E1A4697}.Debug|Any CPU.ActiveCfg = Debug|Any CPU
		{66A4AA70-646C-4179-8CAF-C0BF5E1A4697}.Debug|Any CPU.Build.0 = Debug|Any CPU
		{66A4AA70-646C-4179-8CAF-C0BF5E1A4697}.Release|Any CPU.ActiveCfg = Release|Any CPU
		{66A4AA70-646C-4179-8CAF-C0BF5E1A4697}.Release|Any CPU.Build.0 = Release|Any CPU
		{7FEAC96C-B8E7-4395-B5D7-5AD9F4C2A3F7}.Debug|Any CPU.ActiveCfg = Debug|Any CPU
		{7FEAC96C-B8E7-4395-B5D7-5AD9F4C2A3F7}.Debug|Any CPU.Build.0 = Debug|Any CPU
		{7FEAC96C-B8E7-4395-B5D7-5AD9F4C2A3F7}.Release|Any CPU.ActiveCfg = Release|Any CPU
		{7FEAC96C-B8E7-4395-B5D7-5AD9F4C2A3F7}.Release|Any CPU.Build.0 = Release|Any CPU
		{272BC670-FE9E-40B0-8303-6D9E28A0B474}.Debug|Any CPU.ActiveCfg = Debug|Any CPU
		{272BC670-FE9E-40B0-8303-6D9E28A0B474}.Debug|Any CPU.Build.0 = Debug|Any CPU
		{272BC670-FE9E-40B0-8303-6D9E28A0B474}.Release|Any CPU.ActiveCfg = Release|Any CPU
		{272BC670-FE9E-40B0-8303-6D9E28A0B474}.Release|Any CPU.Build.0 = Release|Any CPU
		{35E5465E-7A37-4BE1-962C-0F2C13DD847C}.Debug|Any CPU.ActiveCfg = Debug|Any CPU
		{35E5465E-7A37-4BE1-962C-0F2C13DD847C}.Debug|Any CPU.Build.0 = Debug|Any CPU
		{35E5465E-7A37-4BE1-962C-0F2C13DD847C}.Release|Any CPU.ActiveCfg = Release|Any CPU
		{35E5465E-7A37-4BE1-962C-0F2C13DD847C}.Release|Any CPU.Build.0 = Release|Any CPU
		{F1DCB958-EDCD-4257-BE62-4EBBD9AB9461}.Debug|Any CPU.ActiveCfg = Debug|Any CPU
		{F1DCB958-EDCD-4257-BE62-4EBBD9AB9461}.Debug|Any CPU.Build.0 = Debug|Any CPU
		{F1DCB958-EDCD-4257-BE62-4EBBD9AB9461}.Release|Any CPU.ActiveCfg = Release|Any CPU
		{F1DCB958-EDCD-4257-BE62-4EBBD9AB9461}.Release|Any CPU.Build.0 = Release|Any CPU
		{60FE8A49-3E85-482D-BA7F-160AD45D8196}.Debug|Any CPU.ActiveCfg = Debug|Any CPU
		{60FE8A49-3E85-482D-BA7F-160AD45D8196}.Debug|Any CPU.Build.0 = Debug|Any CPU
		{60FE8A49-3E85-482D-BA7F-160AD45D8196}.Release|Any CPU.ActiveCfg = Release|Any CPU
		{60FE8A49-3E85-482D-BA7F-160AD45D8196}.Release|Any CPU.Build.0 = Release|Any CPU
		{4ADAB4BE-11D5-4553-A903-D43988AF4080}.Debug|Any CPU.ActiveCfg = Debug|Any CPU
		{4ADAB4BE-11D5-4553-A903-D43988AF4080}.Debug|Any CPU.Build.0 = Debug|Any CPU
		{4ADAB4BE-11D5-4553-A903-D43988AF4080}.Release|Any CPU.ActiveCfg = Release|Any CPU
		{4ADAB4BE-11D5-4553-A903-D43988AF4080}.Release|Any CPU.Build.0 = Release|Any CPU
		{D1CED9E7-10BB-47BE-B35D-3F8CE00D9AFA}.Debug|Any CPU.ActiveCfg = Debug|Any CPU
		{D1CED9E7-10BB-47BE-B35D-3F8CE00D9AFA}.Debug|Any CPU.Build.0 = Debug|Any CPU
		{D1CED9E7-10BB-47BE-B35D-3F8CE00D9AFA}.Release|Any CPU.ActiveCfg = Release|Any CPU
		{D1CED9E7-10BB-47BE-B35D-3F8CE00D9AFA}.Release|Any CPU.Build.0 = Release|Any CPU
		{B716F196-2A37-4032-9B5B-3AE7B9FE0A39}.Debug|Any CPU.ActiveCfg = Debug|Any CPU
		{B716F196-2A37-4032-9B5B-3AE7B9FE0A39}.Debug|Any CPU.Build.0 = Debug|Any CPU
		{B716F196-2A37-4032-9B5B-3AE7B9FE0A39}.Release|Any CPU.ActiveCfg = Release|Any CPU
		{B716F196-2A37-4032-9B5B-3AE7B9FE0A39}.Release|Any CPU.Build.0 = Release|Any CPU
	EndGlobalSection
	GlobalSection(SolutionProperties) = preSolution
		HideSolutionNode = FALSE
	EndGlobalSection
	GlobalSection(NestedProjects) = preSolution
		{DCE42AA6-898F-41D9-9573-BE605519086E} = {FB57EE76-58D1-4938-819B-1FA31A055A2F}
		{E143F4BF-EB55-41E6-BFA5-6317D686EAC1} = {FB57EE76-58D1-4938-819B-1FA31A055A2F}
		{D2CE39ED-0570-4F6B-998D-60A29A2411D5} = {FB57EE76-58D1-4938-819B-1FA31A055A2F}
		{66A4AA70-646C-4179-8CAF-C0BF5E1A4697} = {FB57EE76-58D1-4938-819B-1FA31A055A2F}
		{7FEAC96C-B8E7-4395-B5D7-5AD9F4C2A3F7} = {FB57EE76-58D1-4938-819B-1FA31A055A2F}
		{B716F196-2A37-4032-9B5B-3AE7B9FE0A39} = {FB57EE76-58D1-4938-819B-1FA31A055A2F}
		{B0891E51-DEAB-4232-AB7E-8AD82E4B7E55} = {D2CE39ED-0570-4F6B-998D-60A29A2411D5}
		{9FED24DF-F752-4551-A202-861188C9F6E4} = {D2CE39ED-0570-4F6B-998D-60A29A2411D5}
		{D1CED9E7-10BB-47BE-B35D-3F8CE00D9AFA} = {D2CE39ED-0570-4F6B-998D-60A29A2411D5}
		{C0C201BB-CD86-4B4A-9783-4E8FE1FCE3A7} = {6DE3CD4E-6F8F-424B-A6F6-4DCD584AB9A6}
		{272BC670-FE9E-40B0-8303-6D9E28A0B474} = {6DE3CD4E-6F8F-424B-A6F6-4DCD584AB9A6}
		{4ADAB4BE-11D5-4553-A903-D43988AF4080} = {6DE3CD4E-6F8F-424B-A6F6-4DCD584AB9A6}
		{F1DCB958-EDCD-4257-BE62-4EBBD9AB9461} = {6DE3CD4E-6F8F-424B-A6F6-4DCD584AB9A6}
		{60FE8A49-3E85-482D-BA7F-160AD45D8196} = {6DE3CD4E-6F8F-424B-A6F6-4DCD584AB9A6}
		{35E5465E-7A37-4BE1-962C-0F2C13DD847C} = {C0C201BB-CD86-4B4A-9783-4E8FE1FCE3A7}
	EndGlobalSection
EndGlobal
